
Microsoft Visual Studio Solution File, Format Version 12.00
# Visual Studio 2012
Project("{E24C65DC-7377-472B-9ABA-BC803B73C61A}") = "treeview(1)", "http://localhost:49688", "{A2A42044-C216-4B63-9473-FB1F27E677C3}"
	ProjectSection(WebsiteProperties) = preProject
		UseIISExpress = "true"
		TargetFrameworkMoniker = ".NETFramework,Version%3Dv4.5"
		Debug.AspNetCompiler.VirtualPath = "/localhost_49688"
		Debug.AspNetCompiler.PhysicalPath = "..\treeview\"
		Debug.AspNetCompiler.TargetPath = "PrecompiledWeb\localhost_49688\"
		Debug.AspNetCompiler.Updateable = "true"
		Debug.AspNetCompiler.ForceOverwrite = "true"
		Debug.AspNetCompiler.FixedNames = "false"
		Debug.AspNetCompiler.Debug = "True"
		Release.AspNetCompiler.VirtualPath = "/localhost_49688"
		Release.AspNetCompiler.PhysicalPath = "..\treeview\"
		Release.AspNetCompiler.TargetPath = "PrecompiledWeb\localhost_49688\"
		Release.AspNetCompiler.Updateable = "true"
		Release.AspNetCompiler.ForceOverwrite = "true"
		Release.AspNetCompiler.FixedNames = "false"
		Release.AspNetCompiler.Debug = "False"
		SlnRelativePath = "..\treeview\"
	EndProjectSection
EndProject
Global
	GlobalSection(SolutionConfigurationPlatforms) = preSolution
		Debug|Any CPU = Debug|Any CPU
	EndGlobalSection
	GlobalSection(ProjectConfigurationPlatforms) = postSolution
		{A2A42044-C216-4B63-9473-FB1F27E677C3}.Debug|Any CPU.ActiveCfg = Debug|Any CPU
		{A2A42044-C216-4B63-9473-FB1F27E677C3}.Debug|Any CPU.Build.0 = Debug|Any CPU
	EndGlobalSection
	GlobalSection(SolutionProperties) = preSolution
		HideSolutionNode = FALSE
	EndGlobalSection
EndGlobal
